{
    "name": "@ddong/vuepress-plugin-demo-block",
    "version": "2.0.0-beta.48",
    "lockfileVersion": 2,
    "requires": true,
    "packages": {
        "": {
            "name": "@ddong/vuepress-plugin-demo-block",
            "version": "2.0.0-beta.48",
            "license": "ISC",
            "dependencies": {
                "@vuepress/client": "2.0.0-beta.48",
                "@vuepress/core": "2.0.0-beta.48",
                "@vuepress/utils": "2.0.0-beta.48",
                "markdown-it": "^13.0.1",
                "markdown-it-container": "^3.0.0",
                "prismjs": "^1.28.0",
                "vue": "^3.2.25"
            },
            "devDependencies": {
                "@types/markdown-it": "^12.2.3",
                "@types/markdown-it-container": "^2.0.5",
                "@types/node": "^18.0.3",
                "@types/prismjs": "^1.26.0",
                "less": "^4.1.3",
                "tsup": "^6.1.3"
            }
        },
        "../../../node_modules/.pnpm/@types+markdown-it@12.2.3/node_modules/@types/markdown-it": {
            "version": "12.2.3",
            "dev": true,
            "license": "MIT",
            "dependencies": {
                "@types/linkify-it": "*",
                "@types/mdurl": "*"
            }
        },
        "../../../node_modules/.pnpm/@types+node@18.0.3/node_modules/@types/node": {
            "version": "18.0.3",
            "dev": true,
            "license": "MIT"
        },
        "../../../node_modules/.pnpm/@vuepress+client@2.0.0-beta.48/node_modules/@vuepress/client": {
            "version": "2.0.0-beta.48",
            "license": "MIT",
            "dependencies": {
                "@vue/devtools-api": "^6.1.4",
                "@vuepress/shared": "2.0.0-beta.48",
                "vue": "^3.2.36",
                "vue-router": "^4.0.15"
            }
        },
        "../../../node_modules/.pnpm/@vuepress+core@2.0.0-beta.48/node_modules/@vuepress/core": {
            "version": "2.0.0-beta.48",
            "license": "MIT",
            "dependencies": {
                "@vuepress/client": "2.0.0-beta.48",
                "@vuepress/markdown": "2.0.0-beta.48",
                "@vuepress/shared": "2.0.0-beta.48",
                "@vuepress/utils": "2.0.0-beta.48",
                "gray-matter": "^4.0.3",
                "toml": "^3.0.0",
                "vue": "^3.2.36"
            }
        },
        "../../../node_modules/.pnpm/@vuepress+utils@2.0.0-beta.48/node_modules/@vuepress/utils": {
            "version": "2.0.0-beta.48",
            "license": "MIT",
            "dependencies": {
                "@types/debug": "^4.1.7",
                "@types/fs-extra": "^9.0.13",
                "@vuepress/shared": "2.0.0-beta.48",
                "chalk": "^4.1.2",
                "debug": "^4.3.4",
                "fs-extra": "^10.1.0",
                "globby": "^11.0.4",
                "hash-sum": "^2.0.0",
                "ora": "^5.4.1",
                "upath": "^2.0.1"
            }
        },
        "../../../node_modules/.pnpm/markdown-it-container@3.0.0/node_modules/markdown-it-container": {
            "version": "3.0.0",
            "license": "MIT",
            "devDependencies": {
                "browserify": "^16.5.1",
                "coveralls": "^3.1.0",
                "eslint": "^7.1.0",
                "markdown-it": "markdown-it/markdown-it",
                "markdown-it-testgen": "~0.1.0",
                "mocha": "^7.2.0",
                "nyc": "^15.1.0",
                "terser": "^4.7.0"
            }
        },
        "../../../node_modules/.pnpm/markdown-it@13.0.1/node_modules/markdown-it": {
            "version": "13.0.1",
            "license": "MIT",
            "dependencies": {
                "argparse": "^2.0.1",
                "entities": "~3.0.1",
                "linkify-it": "^4.0.1",
                "mdurl": "^1.0.1",
                "uc.micro": "^1.0.5"
            },
            "bin": {
                "markdown-it": "bin/markdown-it.js"
            },
            "devDependencies": {
                "@rollup/plugin-commonjs": "^16.0.0",
                "@rollup/plugin-json": "^4.1.0",
                "@rollup/plugin-node-resolve": "^10.0.0",
                "ansi": "^0.3.0",
                "autoprefixer-stylus": "^1.0.0",
                "benchmark": "~2.1.0",
                "chai": "^4.2.0",
                "coveralls": "^3.0.4",
                "eslint": "^8.4.1",
                "express": "^4.14.0",
                "gh-pages": "^3.1.0",
                "highlight.js": "^10.7.2",
                "jest-worker": "^26.6.2",
                "markdown-it-abbr": "^1.0.4",
                "markdown-it-container": "^3.0.0",
                "markdown-it-deflist": "^2.0.0",
                "markdown-it-emoji": "^2.0.0",
                "markdown-it-footnote": "^3.0.1",
                "markdown-it-for-inline": "^0.1.0",
                "markdown-it-ins": "^3.0.0",
                "markdown-it-mark": "^3.0.0",
                "markdown-it-sub": "^1.0.0",
                "markdown-it-sup": "^1.0.0",
                "markdown-it-testgen": "^0.1.3",
                "mocha": "^9.1.3",
                "ndoc": "^6.0.0",
                "needle": "^3.0.0",
                "nyc": "^15.0.1",
                "pug-cli": "^1.0.0-alpha6",
                "rollup": "^2.29.0",
                "rollup-plugin-node-polyfills": "^0.2.1",
                "rollup-plugin-terser": "^7.0.2",
                "shelljs": "^0.8.4",
                "stylus": "^0.55.0",
                "supertest": "^6.0.1"
            }
        },
        "../../../node_modules/.pnpm/tsup@6.1.3/node_modules/tsup": {
            "version": "6.1.3",
            "dev": true,
            "license": "MIT",
            "dependencies": {
                "bundle-require": "^3.0.2",
                "cac": "^6.7.12",
                "chokidar": "^3.5.1",
                "debug": "^4.3.1",
                "esbuild": "^0.14.25",
                "execa": "^5.0.0",
                "globby": "^11.0.3",
                "joycon": "^3.0.1",
                "postcss-load-config": "^3.0.1",
                "resolve-from": "^5.0.0",
                "rollup": "^2.74.1",
                "source-map": "0.8.0-beta.0",
                "sucrase": "^3.20.3",
                "tree-kill": "^1.2.2"
            },
            "bin": {
                "tsup": "dist/cli-default.js",
                "tsup-node": "dist/cli-node.js"
            },
            "devDependencies": {
                "@rollup/plugin-json": "4.1.0",
                "@swc/core": "1.2.126",
                "@types/debug": "4.1.7",
                "@types/flat": "5.0.2",
                "@types/fs-extra": "9.0.13",
                "@types/node": "14.18.12",
                "@types/resolve": "1.20.1",
                "colorette": "2.0.16",
                "consola": "2.15.3",
                "flat": "5.0.2",
                "fs-extra": "10.0.0",
                "postcss": "8.4.12",
                "postcss-simple-vars": "6.0.3",
                "prettier": "2.5.1",
                "resolve": "1.20.0",
                "rollup-plugin-dts": "4.2.1",
                "rollup-plugin-hashbang": "2.2.2",
                "strip-json-comments": "4.0.0",
                "svelte": "3.46.4",
                "ts-essentials": "9.1.2",
                "tsconfig-paths": "3.12.0",
                "tsup": "6.0.1",
                "typescript": "4.6.3",
                "vitest": "0.8.4",
                "wait-for-expect": "3.0.2"
            },
            "engines": {
                "node": ">=14"
            },
            "peerDependencies": {
                "@swc/core": "^1",
                "postcss": "^8.4.12",
                "typescript": "^4.1.0"
            },
            "peerDependenciesMeta": {
                "@swc/core": {
                    "optional": true
                },
                "postcss": {
                    "optional": true
                },
                "typescript": {
                    "optional": true
                }
            }
        },
        "../../../node_modules/.pnpm/vue@3.2.37/node_modules/vue": {
            "version": "3.2.37",
            "license": "MIT",
            "dependencies": {
                "@vue/compiler-dom": "3.2.37",
                "@vue/compiler-sfc": "3.2.37",
                "@vue/runtime-dom": "3.2.37",
                "@vue/server-renderer": "3.2.37",
                "@vue/shared": "3.2.37"
            }
        },
        "node_modules/@types/markdown-it": {
            "resolved": "../../../node_modules/.pnpm/@types+markdown-it@12.2.3/node_modules/@types/markdown-it",
            "link": true
        },
        "node_modules/@types/markdown-it-container": {
            "version": "2.0.5",
            "resolved": "https://registry.npmmirror.com/@types/markdown-it-container/-/markdown-it-container-2.0.5.tgz",
            "integrity": "sha512-8v5jIC5gcCUv+JcD0DExwNBkoKC0kLB4acensF0NoNlTIcXmQxF3RDjzAdIW82sXSoR+n772ePguxIWlq2ELvA==",
            "dev": true,
            "dependencies": {
                "@types/markdown-it": "*"
            }
        },
        "node_modules/@types/node": {
            "resolved": "../../../node_modules/.pnpm/@types+node@18.0.3/node_modules/@types/node",
            "link": true
        },
        "node_modules/@types/prismjs": {
            "version": "1.26.0",
            "resolved": "https://registry.npmjs.org/@types/prismjs/-/prismjs-1.26.0.tgz",
            "integrity": "sha512-ZTaqn/qSqUuAq1YwvOFQfVW1AR/oQJlLSZVustdjwI+GZ8kr0MSHBj0tsXPW1EqHubx50gtBEjbPGsdZwQwCjQ==",
            "dev": true
        },
        "node_modules/@vuepress/client": {
            "resolved": "../../../node_modules/.pnpm/@vuepress+client@2.0.0-beta.48/node_modules/@vuepress/client",
            "link": true
        },
        "node_modules/@vuepress/core": {
            "resolved": "../../../node_modules/.pnpm/@vuepress+core@2.0.0-beta.48/node_modules/@vuepress/core",
            "link": true
        },
        "node_modules/@vuepress/utils": {
            "resolved": "../../../node_modules/.pnpm/@vuepress+utils@2.0.0-beta.48/node_modules/@vuepress/utils",
            "link": true
        },
        "node_modules/copy-anything": {
            "version": "2.0.6",
            "resolved": "https://registry.npmjs.org/copy-anything/-/copy-anything-2.0.6.tgz",
            "integrity": "sha512-1j20GZTsvKNkc4BY3NpMOM8tt///wY3FpIzozTOFO2ffuZcV61nojHXVKIy3WM+7ADCy5FVhdZYHYDdgTU0yJw==",
            "dev": true,
            "dependencies": {
                "is-what": "^3.14.1"
            },
            "funding": {
                "url": "https://github.com/sponsors/mesqueeb"
            }
        },
        "node_modules/debug": {
            "version": "3.2.7",
            "resolved": "https://registry.npmjs.org/debug/-/debug-3.2.7.tgz",
            "integrity": "sha512-CFjzYYAi4ThfiQvizrFQevTTXHtnCqWfe7x1AhgEscTz6ZbLbfoLRLPugTQyBth6f8ZERVUSyWHFD/7Wu4t1XQ==",
            "dev": true,
            "optional": true,
            "dependencies": {
                "ms": "^2.1.1"
            }
        },
        "node_modules/errno": {
            "version": "0.1.8",
            "resolved": "https://registry.npmjs.org/errno/-/errno-0.1.8.tgz",
            "integrity": "sha512-dJ6oBr5SQ1VSd9qkk7ByRgb/1SH4JZjCHSW/mr63/QcXO9zLVxvJ6Oy13nio03rxpSnVDDjFor75SjVeZWPW/A==",
            "dev": true,
            "optional": true,
            "dependencies": {
                "prr": "~1.0.1"
            },
            "bin": {
                "errno": "cli.js"
            }
        },
        "node_modules/graceful-fs": {
            "version": "4.2.10",
            "resolved": "https://registry.npmjs.org/graceful-fs/-/graceful-fs-4.2.10.tgz",
            "integrity": "sha512-9ByhssR2fPVsNZj478qUUbKfmL0+t5BDVyjShtyZZLiK7ZDAArFFfopyOTj0M05wE2tJPisA4iTnnXl2YoPvOA==",
            "dev": true,
            "optional": true
        },
        "node_modules/iconv-lite": {
            "version": "0.6.3",
            "resolved": "https://registry.npmjs.org/iconv-lite/-/iconv-lite-0.6.3.tgz",
            "integrity": "sha512-4fCk79wshMdzMp2rH06qWrJE4iolqLhCUH+OiuIgU++RB0+94NlDL81atO7GX55uUKueo0txHNtvEyI6D7WdMw==",
            "dev": true,
            "optional": true,
            "dependencies": {
                "safer-buffer": ">= 2.1.2 < 3.0.0"
            },
            "engines": {
                "node": ">=0.10.0"
            }
        },
        "node_modules/image-size": {
            "version": "0.5.5",
            "resolved": "https://registry.npmjs.org/image-size/-/image-size-0.5.5.tgz",
            "integrity": "sha512-6TDAlDPZxUFCv+fuOkIoXT/V/f3Qbq8e37p+YOiYrUv3v9cc3/6x78VdfPgFVaB9dZYeLUfKgHRebpkm/oP2VQ==",
            "dev": true,
            "optional": true,
            "bin": {
                "image-size": "bin/image-size.js"
            },
            "engines": {
                "node": ">=0.10.0"
            }
        },
        "node_modules/is-what": {
            "version": "3.14.1",
            "resolved": "https://registry.npmjs.org/is-what/-/is-what-3.14.1.tgz",
            "integrity": "sha512-sNxgpk9793nzSs7bA6JQJGeIuRBQhAaNGG77kzYQgMkrID+lS6SlK07K5LaptscDlSaIgH+GPFzf+d75FVxozA==",
            "dev": true
        },
        "node_modules/less": {
            "version": "4.1.3",
            "resolved": "https://registry.npmjs.org/less/-/less-4.1.3.tgz",
            "integrity": "sha512-w16Xk/Ta9Hhyei0Gpz9m7VS8F28nieJaL/VyShID7cYvP6IL5oHeL6p4TXSDJqZE/lNv0oJ2pGVjJsRkfwm5FA==",
            "dev": true,
            "dependencies": {
                "copy-anything": "^2.0.1",
                "parse-node-version": "^1.0.1",
                "tslib": "^2.3.0"
            },
            "bin": {
                "lessc": "bin/lessc"
            },
            "engines": {
                "node": ">=6"
            },
            "optionalDependencies": {
                "errno": "^0.1.1",
                "graceful-fs": "^4.1.2",
                "image-size": "~0.5.0",
                "make-dir": "^2.1.0",
                "mime": "^1.4.1",
                "needle": "^3.1.0",
                "source-map": "~0.6.0"
            }
        },
        "node_modules/make-dir": {
            "version": "2.1.0",
            "resolved": "https://registry.npmjs.org/make-dir/-/make-dir-2.1.0.tgz",
            "integrity": "sha512-LS9X+dc8KLxXCb8dni79fLIIUA5VyZoyjSMCwTluaXA0o27cCK0bhXkpgw+sTXVpPy/lSO57ilRixqk0vDmtRA==",
            "dev": true,
            "optional": true,
            "dependencies": {
                "pify": "^4.0.1",
                "semver": "^5.6.0"
            },
            "engines": {
                "node": ">=6"
            }
        },
        "node_modules/markdown-it": {
            "resolved": "../../../node_modules/.pnpm/markdown-it@13.0.1/node_modules/markdown-it",
            "link": true
        },
        "node_modules/markdown-it-container": {
            "resolved": "../../../node_modules/.pnpm/markdown-it-container@3.0.0/node_modules/markdown-it-container",
            "link": true
        },
        "node_modules/mime": {
            "version": "1.6.0",
            "resolved": "https://registry.npmjs.org/mime/-/mime-1.6.0.tgz",
            "integrity": "sha512-x0Vn8spI+wuJ1O6S7gnbaQg8Pxh4NNHb7KSINmEWKiPE4RKOplvijn+NkmYmmRgP68mc70j2EbeTFRsrswaQeg==",
            "dev": true,
            "optional": true,
            "bin": {
                "mime": "cli.js"
            },
            "engines": {
                "node": ">=4"
            }
        },
        "node_modules/ms": {
            "version": "2.1.3",
            "resolved": "https://registry.npmjs.org/ms/-/ms-2.1.3.tgz",
            "integrity": "sha512-6FlzubTLZG3J2a/NVCAleEhjzq5oxgHyaCU9yYXvcLsvoVaHJq/s5xXI6/XXP6tz7R9xAOtHnSO/tXtF3WRTlA==",
            "dev": true,
            "optional": true
        },
        "node_modules/needle": {
            "version": "3.1.0",
            "resolved": "https://registry.npmjs.org/needle/-/needle-3.1.0.tgz",
            "integrity": "sha512-gCE9weDhjVGCRqS8dwDR/D3GTAeyXLXuqp7I8EzH6DllZGXSUyxuqqLh+YX9rMAWaaTFyVAg6rHGL25dqvczKw==",
            "dev": true,
            "optional": true,
            "dependencies": {
                "debug": "^3.2.6",
                "iconv-lite": "^0.6.3",
                "sax": "^1.2.4"
            },
            "bin": {
                "needle": "bin/needle"
            },
            "engines": {
                "node": ">= 4.4.x"
            }
        },
        "node_modules/parse-node-version": {
            "version": "1.0.1",
            "resolved": "https://registry.npmjs.org/parse-node-version/-/parse-node-version-1.0.1.tgz",
            "integrity": "sha512-3YHlOa/JgH6Mnpr05jP9eDG254US9ek25LyIxZlDItp2iJtwyaXQb57lBYLdT3MowkUFYEV2XXNAYIPlESvJlA==",
            "dev": true,
            "engines": {
                "node": ">= 0.10"
            }
        },
        "node_modules/pify": {
            "version": "4.0.1",
            "resolved": "https://registry.npmjs.org/pify/-/pify-4.0.1.tgz",
            "integrity": "sha512-uB80kBFb/tfd68bVleG9T5GGsGPjJrLAUpR5PZIrhBnIaRTQRjqdJSsIKkOP6OAIFbj7GOrcudc5pNjZ+geV2g==",
            "dev": true,
            "optional": true,
            "engines": {
                "node": ">=6"
            }
        },
        "node_modules/prismjs": {
            "version": "1.28.0",
            "resolved": "https://registry.npmjs.org/prismjs/-/prismjs-1.28.0.tgz",
            "integrity": "sha512-8aaXdYvl1F7iC7Xm1spqSaY/OJBpYW3v+KJ+F17iYxvdc8sfjW194COK5wVhMZX45tGteiBQgdvD/nhxcRwylw==",
            "engines": {
                "node": ">=6"
            }
        },
        "node_modules/prr": {
            "version": "1.0.1",
            "resolved": "https://registry.npmjs.org/prr/-/prr-1.0.1.tgz",
            "integrity": "sha512-yPw4Sng1gWghHQWj0B3ZggWUm4qVbPwPFcRG8KyxiU7J2OHFSoEHKS+EZ3fv5l1t9CyCiop6l/ZYeWbrgoQejw==",
            "dev": true,
            "optional": true
        },
        "node_modules/safer-buffer": {
            "version": "2.1.2",
            "resolved": "https://registry.npmjs.org/safer-buffer/-/safer-buffer-2.1.2.tgz",
            "integrity": "sha512-YZo3K82SD7Riyi0E1EQPojLz7kpepnSQI9IyPbHHg1XXXevb5dJI7tpyN2ADxGcQbHG7vcyRHk0cbwqcQriUtg==",
            "dev": true,
            "optional": true
        },
        "node_modules/sax": {
            "version": "1.2.4",
            "resolved": "https://registry.npmjs.org/sax/-/sax-1.2.4.tgz",
            "integrity": "sha512-NqVDv9TpANUjFm0N8uM5GxL36UgKi9/atZw+x7YFnQ8ckwFGKrl4xX4yWtrey3UJm5nP1kUbnYgLopqWNSRhWw==",
            "dev": true,
            "optional": true
        },
        "node_modules/semver": {
            "version": "5.7.1",
            "resolved": "https://registry.npmjs.org/semver/-/semver-5.7.1.tgz",
            "integrity": "sha512-sauaDf/PZdVgrLTNYHRtpXa1iRiKcaebiKQ1BJdpQlWH2lCvexQdX55snPFyK7QzpudqbCI0qXFfOasHdyNDGQ==",
            "dev": true,
            "optional": true,
            "bin": {
                "semver": "bin/semver"
            }
        },
        "node_modules/source-map": {
            "version": "0.6.1",
            "resolved": "https://registry.npmjs.org/source-map/-/source-map-0.6.1.tgz",
            "integrity": "sha512-UjgapumWlbMhkBgzT7Ykc5YXUT46F0iKu8SGXq0bcwP5dz/h0Plj6enJqjz1Zbq2l5WaqYnrVbwWOWMyF3F47g==",
            "dev": true,
            "optional": true,
            "engines": {
                "node": ">=0.10.0"
            }
        },
        "node_modules/tslib": {
            "version": "2.4.0",
            "resolved": "https://registry.npmjs.org/tslib/-/tslib-2.4.0.tgz",
            "integrity": "sha512-d6xOpEDfsi2CZVlPQzGeux8XMwLT9hssAsaPYExaQMuYskwb+x1x7J371tWlbBdWHroy99KnVB6qIkUbs5X3UQ==",
            "dev": true
        },
        "node_modules/tsup": {
            "resolved": "../../../node_modules/.pnpm/tsup@6.1.3/node_modules/tsup",
            "link": true
        },
        "node_modules/vue": {
            "resolved": "../../../node_modules/.pnpm/vue@3.2.37/node_modules/vue",
            "link": true
        }
    },
    "dependencies": {
        "@types/markdown-it": {
            "version": "file:../../../node_modules/.pnpm/@types+markdown-it@12.2.3/node_modules/@types/markdown-it",
            "requires": {
                "@types/linkify-it": "*",
                "@types/mdurl": "*"
            }
        },
        "@types/markdown-it-container": {
            "version": "2.0.5",
            "resolved": "https://registry.npmmirror.com/@types/markdown-it-container/-/markdown-it-container-2.0.5.tgz",
            "integrity": "sha512-8v5jIC5gcCUv+JcD0DExwNBkoKC0kLB4acensF0NoNlTIcXmQxF3RDjzAdIW82sXSoR+n772ePguxIWlq2ELvA==",
            "dev": true,
            "requires": {
                "@types/markdown-it": "*"
            }
        },
        "@types/node": {
            "version": "file:../../../node_modules/.pnpm/@types+node@18.0.3/node_modules/@types/node"
        },
        "@types/prismjs": {
            "version": "1.26.0",
            "resolved": "https://registry.npmjs.org/@types/prismjs/-/prismjs-1.26.0.tgz",
            "integrity": "sha512-ZTaqn/qSqUuAq1YwvOFQfVW1AR/oQJlLSZVustdjwI+GZ8kr0MSHBj0tsXPW1EqHubx50gtBEjbPGsdZwQwCjQ==",
            "dev": true
        },
        "@vuepress/client": {
            "version": "file:../../../node_modules/.pnpm/@vuepress+client@2.0.0-beta.48/node_modules/@vuepress/client",
            "requires": {
                "@vue/devtools-api": "^6.1.4",
                "@vuepress/shared": "2.0.0-beta.48",
                "vue": "^3.2.36",
                "vue-router": "^4.0.15"
            }
        },
        "@vuepress/core": {
            "version": "file:../../../node_modules/.pnpm/@vuepress+core@2.0.0-beta.48/node_modules/@vuepress/core",
            "requires": {
                "@vuepress/client": "2.0.0-beta.48",
                "@vuepress/markdown": "2.0.0-beta.48",
                "@vuepress/shared": "2.0.0-beta.48",
                "@vuepress/utils": "2.0.0-beta.48",
                "gray-matter": "^4.0.3",
                "toml": "^3.0.0",
                "vue": "^3.2.36"
            }
        },
        "@vuepress/utils": {
            "version": "file:../../../node_modules/.pnpm/@vuepress+utils@2.0.0-beta.48/node_modules/@vuepress/utils",
            "requires": {
                "@types/debug": "^4.1.7",
                "@types/fs-extra": "^9.0.13",
                "@vuepress/shared": "2.0.0-beta.48",
                "chalk": "^4.1.2",
                "debug": "^4.3.4",
                "fs-extra": "^10.1.0",
                "globby": "^11.0.4",
                "hash-sum": "^2.0.0",
                "ora": "^5.4.1",
                "upath": "^2.0.1"
            }
        },
        "copy-anything": {
            "version": "2.0.6",
            "resolved": "https://registry.npmjs.org/copy-anything/-/copy-anything-2.0.6.tgz",
            "integrity": "sha512-1j20GZTsvKNkc4BY3NpMOM8tt///wY3FpIzozTOFO2ffuZcV61nojHXVKIy3WM+7ADCy5FVhdZYHYDdgTU0yJw==",
            "dev": true,
            "requires": {
                "is-what": "^3.14.1"
            }
        },
        "debug": {
            "version": "3.2.7",
            "resolved": "https://registry.npmjs.org/debug/-/debug-3.2.7.tgz",
            "integrity": "sha512-CFjzYYAi4ThfiQvizrFQevTTXHtnCqWfe7x1AhgEscTz6ZbLbfoLRLPugTQyBth6f8ZERVUSyWHFD/7Wu4t1XQ==",
            "dev": true,
            "optional": true,
            "requires": {
                "ms": "^2.1.1"
            }
        },
        "errno": {
            "version": "0.1.8",
            "resolved": "https://registry.npmjs.org/errno/-/errno-0.1.8.tgz",
            "integrity": "sha512-dJ6oBr5SQ1VSd9qkk7ByRgb/1SH4JZjCHSW/mr63/QcXO9zLVxvJ6Oy13nio03rxpSnVDDjFor75SjVeZWPW/A==",
            "dev": true,
            "optional": true,
            "requires": {
                "prr": "~1.0.1"
            }
        },
        "graceful-fs": {
            "version": "4.2.10",
            "resolved": "https://registry.npmjs.org/graceful-fs/-/graceful-fs-4.2.10.tgz",
            "integrity": "sha512-9ByhssR2fPVsNZj478qUUbKfmL0+t5BDVyjShtyZZLiK7ZDAArFFfopyOTj0M05wE2tJPisA4iTnnXl2YoPvOA==",
            "dev": true,
            "optional": true
        },
        "iconv-lite": {
            "version": "0.6.3",
            "resolved": "https://registry.npmjs.org/iconv-lite/-/iconv-lite-0.6.3.tgz",
            "integrity": "sha512-4fCk79wshMdzMp2rH06qWrJE4iolqLhCUH+OiuIgU++RB0+94NlDL81atO7GX55uUKueo0txHNtvEyI6D7WdMw==",
            "dev": true,
            "optional": true,
            "requires": {
                "safer-buffer": ">= 2.1.2 < 3.0.0"
            }
        },
        "image-size": {
            "version": "0.5.5",
            "resolved": "https://registry.npmjs.org/image-size/-/image-size-0.5.5.tgz",
            "integrity": "sha512-6TDAlDPZxUFCv+fuOkIoXT/V/f3Qbq8e37p+YOiYrUv3v9cc3/6x78VdfPgFVaB9dZYeLUfKgHRebpkm/oP2VQ==",
            "dev": true,
            "optional": true
        },
        "is-what": {
            "version": "3.14.1",
            "resolved": "https://registry.npmjs.org/is-what/-/is-what-3.14.1.tgz",
            "integrity": "sha512-sNxgpk9793nzSs7bA6JQJGeIuRBQhAaNGG77kzYQgMkrID+lS6SlK07K5LaptscDlSaIgH+GPFzf+d75FVxozA==",
            "dev": true
        },
        "less": {
            "version": "4.1.3",
            "resolved": "https://registry.npmjs.org/less/-/less-4.1.3.tgz",
            "integrity": "sha512-w16Xk/Ta9Hhyei0Gpz9m7VS8F28nieJaL/VyShID7cYvP6IL5oHeL6p4TXSDJqZE/lNv0oJ2pGVjJsRkfwm5FA==",
            "dev": true,
            "requires": {
                "copy-anything": "^2.0.1",
                "errno": "^0.1.1",
                "graceful-fs": "^4.1.2",
                "image-size": "~0.5.0",
                "make-dir": "^2.1.0",
                "mime": "^1.4.1",
                "needle": "^3.1.0",
                "parse-node-version": "^1.0.1",
                "source-map": "~0.6.0",
                "tslib": "^2.3.0"
            }
        },
        "make-dir": {
            "version": "2.1.0",
            "resolved": "https://registry.npmjs.org/make-dir/-/make-dir-2.1.0.tgz",
            "integrity": "sha512-LS9X+dc8KLxXCb8dni79fLIIUA5VyZoyjSMCwTluaXA0o27cCK0bhXkpgw+sTXVpPy/lSO57ilRixqk0vDmtRA==",
            "dev": true,
            "optional": true,
            "requires": {
                "pify": "^4.0.1",
                "semver": "^5.6.0"
            }
        },
        "markdown-it": {
            "version": "file:../../../node_modules/.pnpm/markdown-it@13.0.1/node_modules/markdown-it",
            "requires": {
                "@rollup/plugin-commonjs": "^16.0.0",
                "@rollup/plugin-json": "^4.1.0",
                "@rollup/plugin-node-resolve": "^10.0.0",
                "ansi": "^0.3.0",
                "argparse": "^2.0.1",
                "autoprefixer-stylus": "^1.0.0",
                "benchmark": "~2.1.0",
                "chai": "^4.2.0",
                "coveralls": "^3.0.4",
                "entities": "~3.0.1",
                "eslint": "^8.4.1",
                "express": "^4.14.0",
                "gh-pages": "^3.1.0",
                "highlight.js": "^10.7.2",
                "jest-worker": "^26.6.2",
                "linkify-it": "^4.0.1",
                "markdown-it-abbr": "^1.0.4",
                "markdown-it-container": "^3.0.0",
                "markdown-it-deflist": "^2.0.0",
                "markdown-it-emoji": "^2.0.0",
                "markdown-it-footnote": "^3.0.1",
                "markdown-it-for-inline": "^0.1.0",
                "markdown-it-ins": "^3.0.0",
                "markdown-it-mark": "^3.0.0",
                "markdown-it-sub": "^1.0.0",
                "markdown-it-sup": "^1.0.0",
                "markdown-it-testgen": "^0.1.3",
                "mdurl": "^1.0.1",
                "mocha": "^9.1.3",
                "ndoc": "^6.0.0",
                "needle": "^3.0.0",
                "nyc": "^15.0.1",
                "pug-cli": "^1.0.0-alpha6",
                "rollup": "^2.29.0",
                "rollup-plugin-node-polyfills": "^0.2.1",
                "rollup-plugin-terser": "^7.0.2",
                "shelljs": "^0.8.4",
                "stylus": "^0.55.0",
                "supertest": "^6.0.1",
                "uc.micro": "^1.0.5"
            }
        },
        "markdown-it-container": {
            "version": "file:../../../node_modules/.pnpm/markdown-it-container@3.0.0/node_modules/markdown-it-container",
            "requires": {
                "browserify": "^16.5.1",
                "coveralls": "^3.1.0",
                "eslint": "^7.1.0",
                "markdown-it": "markdown-it/markdown-it",
                "markdown-it-testgen": "~0.1.0",
                "mocha": "^7.2.0",
                "nyc": "^15.1.0",
                "terser": "^4.7.0"
            }
        },
        "mime": {
            "version": "1.6.0",
            "resolved": "https://registry.npmjs.org/mime/-/mime-1.6.0.tgz",
            "integrity": "sha512-x0Vn8spI+wuJ1O6S7gnbaQg8Pxh4NNHb7KSINmEWKiPE4RKOplvijn+NkmYmmRgP68mc70j2EbeTFRsrswaQeg==",
            "dev": true,
            "optional": true
        },
        "ms": {
            "version": "2.1.3",
            "resolved": "https://registry.npmjs.org/ms/-/ms-2.1.3.tgz",
            "integrity": "sha512-6FlzubTLZG3J2a/NVCAleEhjzq5oxgHyaCU9yYXvcLsvoVaHJq/s5xXI6/XXP6tz7R9xAOtHnSO/tXtF3WRTlA==",
            "dev": true,
            "optional": true
        },
        "needle": {
            "version": "3.1.0",
            "resolved": "https://registry.npmjs.org/needle/-/needle-3.1.0.tgz",
            "integrity": "sha512-gCE9weDhjVGCRqS8dwDR/D3GTAeyXLXuqp7I8EzH6DllZGXSUyxuqqLh+YX9rMAWaaTFyVAg6rHGL25dqvczKw==",
            "dev": true,
            "optional": true,
            "requires": {
                "debug": "^3.2.6",
                "iconv-lite": "^0.6.3",
                "sax": "^1.2.4"
            }
        },
        "parse-node-version": {
            "version": "1.0.1",
            "resolved": "https://registry.npmjs.org/parse-node-version/-/parse-node-version-1.0.1.tgz",
            "integrity": "sha512-3YHlOa/JgH6Mnpr05jP9eDG254US9ek25LyIxZlDItp2iJtwyaXQb57lBYLdT3MowkUFYEV2XXNAYIPlESvJlA==",
            "dev": true
        },
        "pify": {
            "version": "4.0.1",
            "resolved": "https://registry.npmjs.org/pify/-/pify-4.0.1.tgz",
            "integrity": "sha512-uB80kBFb/tfd68bVleG9T5GGsGPjJrLAUpR5PZIrhBnIaRTQRjqdJSsIKkOP6OAIFbj7GOrcudc5pNjZ+geV2g==",
            "dev": true,
            "optional": true
        },
        "prismjs": {
            "version": "1.28.0",
            "resolved": "https://registry.npmjs.org/prismjs/-/prismjs-1.28.0.tgz",
            "integrity": "sha512-8aaXdYvl1F7iC7Xm1spqSaY/OJBpYW3v+KJ+F17iYxvdc8sfjW194COK5wVhMZX45tGteiBQgdvD/nhxcRwylw=="
        },
        "prr": {
            "version": "1.0.1",
            "resolved": "https://registry.npmjs.org/prr/-/prr-1.0.1.tgz",
            "integrity": "sha512-yPw4Sng1gWghHQWj0B3ZggWUm4qVbPwPFcRG8KyxiU7J2OHFSoEHKS+EZ3fv5l1t9CyCiop6l/ZYeWbrgoQejw==",
            "dev": true,
            "optional": true
        },
        "safer-buffer": {
            "version": "2.1.2",
            "resolved": "https://registry.npmjs.org/safer-buffer/-/safer-buffer-2.1.2.tgz",
            "integrity": "sha512-YZo3K82SD7Riyi0E1EQPojLz7kpepnSQI9IyPbHHg1XXXevb5dJI7tpyN2ADxGcQbHG7vcyRHk0cbwqcQriUtg==",
            "dev": true,
            "optional": true
        },
        "sax": {
            "version": "1.2.4",
            "resolved": "https://registry.npmjs.org/sax/-/sax-1.2.4.tgz",
            "integrity": "sha512-NqVDv9TpANUjFm0N8uM5GxL36UgKi9/atZw+x7YFnQ8ckwFGKrl4xX4yWtrey3UJm5nP1kUbnYgLopqWNSRhWw==",
            "dev": true,
            "optional": true
        },
        "semver": {
            "version": "5.7.1",
            "resolved": "https://registry.npmjs.org/semver/-/semver-5.7.1.tgz",
            "integrity": "sha512-sauaDf/PZdVgrLTNYHRtpXa1iRiKcaebiKQ1BJdpQlWH2lCvexQdX55snPFyK7QzpudqbCI0qXFfOasHdyNDGQ==",
            "dev": true,
            "optional": true
        },
        "source-map": {
            "version": "0.6.1",
            "resolved": "https://registry.npmjs.org/source-map/-/source-map-0.6.1.tgz",
            "integrity": "sha512-UjgapumWlbMhkBgzT7Ykc5YXUT46F0iKu8SGXq0bcwP5dz/h0Plj6enJqjz1Zbq2l5WaqYnrVbwWOWMyF3F47g==",
            "dev": true,
            "optional": true
        },
        "tslib": {
            "version": "2.4.0",
            "resolved": "https://registry.npmjs.org/tslib/-/tslib-2.4.0.tgz",
            "integrity": "sha512-d6xOpEDfsi2CZVlPQzGeux8XMwLT9hssAsaPYExaQMuYskwb+x1x7J371tWlbBdWHroy99KnVB6qIkUbs5X3UQ==",
            "dev": true
        },
        "tsup": {
            "version": "file:../../../node_modules/.pnpm/tsup@6.1.3/node_modules/tsup",
            "requires": {
                "@rollup/plugin-json": "4.1.0",
                "@swc/core": "1.2.126",
                "@types/debug": "4.1.7",
                "@types/flat": "5.0.2",
                "@types/fs-extra": "9.0.13",
                "@types/node": "14.18.12",
                "@types/resolve": "1.20.1",
                "bundle-require": "^3.0.2",
                "cac": "^6.7.12",
                "chokidar": "^3.5.1",
                "colorette": "2.0.16",
                "consola": "2.15.3",
                "debug": "^4.3.1",
                "esbuild": "^0.14.25",
                "execa": "^5.0.0",
                "flat": "5.0.2",
                "fs-extra": "10.0.0",
                "globby": "^11.0.3",
                "joycon": "^3.0.1",
                "postcss": "8.4.12",
                "postcss-load-config": "^3.0.1",
                "postcss-simple-vars": "6.0.3",
                "prettier": "2.5.1",
                "resolve": "1.20.0",
                "resolve-from": "^5.0.0",
                "rollup": "^2.74.1",
                "rollup-plugin-dts": "4.2.1",
                "rollup-plugin-hashbang": "2.2.2",
                "source-map": "0.8.0-beta.0",
                "strip-json-comments": "4.0.0",
                "sucrase": "^3.20.3",
                "svelte": "3.46.4",
                "tree-kill": "^1.2.2",
                "ts-essentials": "9.1.2",
                "tsconfig-paths": "3.12.0",
                "tsup": "6.0.1",
                "typescript": "4.6.3",
                "vitest": "0.8.4",
                "wait-for-expect": "3.0.2"
            }
        },
        "vue": {
            "version": "file:../../../node_modules/.pnpm/vue@3.2.37/node_modules/vue",
            "requires": {
                "@vue/compiler-dom": "3.2.37",
                "@vue/compiler-sfc": "3.2.37",
                "@vue/runtime-dom": "3.2.37",
                "@vue/server-renderer": "3.2.37",
                "@vue/shared": "3.2.37"
            }
        }
    }
}
